
Microsoft Visual Studio Solution File, Format Version 12.00
# Visual Studio Version 17
VisualStudioVersion = 17.5.33530.505
MinimumVisualStudioVersion = 10.0.40219.1
Project("{FAE04EC0-301F-11D3-BF4B-00C04F79EFBC}") = "Section 8 - Working With Text", "Section 8 - Working With Text.csproj", "{C825BEA6-99C5-47A9-9CE5-65D73E4F8700}"
EndProject
Global
	GlobalSection(SolutionConfigurationPlatforms) = preSolution
		Debug|Any CPU = Debug|Any CPU
		Release|Any CPU = Release|Any CPU
	EndGlobalSection
	GlobalSection(ProjectConfigurationPlatforms) = postSolution
		{C825BEA6-99C5-47A9-9CE5-65D73E4F8700}.Debug|Any CPU.ActiveCfg = Debug|Any CPU
		{C825BEA6-99C5-47A9-9CE5-65D73E4F8700}.Debug|Any CPU.Build.0 = Debug|Any CPU
		{C825BEA6-99C5-47A9-9CE5-65D73E4F8700}.Release|Any CPU.ActiveCfg = Release|Any CPU
		{C825BEA6-99C5-47A9-9CE5-65D73E4F8700}.Release|Any CPU.Build.0 = Release|Any CPU
	EndGlobalSection
	GlobalSection(SolutionProperties) = preSolution
		HideSolutionNode = FALSE
	EndGlobalSection
	GlobalSection(ExtensibilityGlobals) = postSolution
		SolutionGuid = {DFA83A1D-610D-4D34-9782-8BE983FEAEA7}
	EndGlobalSection
EndGlobal
